
Microsoft Visual Studio Solution File, Format Version 12.00
# Visual Studio Version 17
VisualStudioVersion = 17.10.35013.160
MinimumVisualStudioVersion = 10.0.40219.1
Project("{FAE04EC0-301F-11D3-BF4B-00C04F79EFBC}") = "WindowsFormsApp12", "WindowsFormsApp12\WindowsFormsApp12.csproj", "{7D0AE496-9A56-45C0-8874-FA4A34E7CB01}"
EndProject
Global
	GlobalSection(SolutionConfigurationPlatforms) = preSolution
		Debug|Any CPU = Debug|Any CPU
		Release|Any CPU = Release|Any CPU
	EndGlobalSection
	GlobalSection(ProjectConfigurationPlatforms) = postSolution
		{7D0AE496-9A56-45C0-8874-FA4A34E7CB01}.Debug|Any CPU.ActiveCfg = Debug|Any CPU
		{7D0AE496-9A56-45C0-8874-FA4A34E7CB01}.Debug|Any CPU.Build.0 = Debug|Any CPU
		{7D0AE496-9A56-45C0-8874-FA4A34E7CB01}.Release|Any CPU.ActiveCfg = Release|Any CPU
		{7D0AE496-9A56-45C0-8874-FA4A34E7CB01}.Release|Any CPU.Build.0 = Release|Any CPU
	EndGlobalSection
	GlobalSection(SolutionProperties) = preSolution
		HideSolutionNode = FALSE
	EndGlobalSection
	GlobalSection(ExtensibilityGlobals) = postSolution
		SolutionGuid = {1C7EA2AA-1309-4477-AC63-D4DD8DA65924}
	EndGlobalSection
EndGlobal
